
Microsoft Visual Studio Solution File, Format Version 12.00
# Visual Studio Version 17
VisualStudioVersion = 17.2.32616.157
MinimumVisualStudioVersion = 10.0.40219.1
Project("{8BC9CEB8-8B4A-11D0-8D11-00A0C91BC942}") = "MyFirstProject", "MyFirstProject.vcxproj", "{D0363DED-7E8E-42E7-994D-320C364536C5}"
EndProject
Project("{8BC9CEB8-8B4A-11D0-8D11-00A0C91BC942}") = "Array", "..\Array\Array.vcxproj", "{8FE5925B-4B33-48B5-83F5-4A90542621AB}"
EndProject
Project("{8BC9CEB8-8B4A-11D0-8D11-00A0C91BC942}") = "CorecttionTestBool", "..\CorecttionTestBool\CorecttionTestBool.vcxproj", "{722BAE65-1DD7-47D5-847F-E67D7F8668BD}"
EndProject
Project("{8BC9CEB8-8B4A-11D0-8D11-00A0C91BC942}") = "TestLangue", "..\TestLangue\TestLangue.vcxproj", "{46B375FF-D1F7-494F-9223-A16214B02167}"
EndProject
Project("{8BC9CEB8-8B4A-11D0-8D11-00A0C91BC942}") = "TestBool", "..\TestBool(1)\TestBool.vcxproj", "{67C753CE-90C3-4B34-9241-1C0F2D8BA302}"
EndProject
Project("{8BC9CEB8-8B4A-11D0-8D11-00A0C91BC942}") = "KmExercice", "..\KmExercice\KmExercice.vcxproj", "{3068922B-B22A-4184-B1E0-AAB3E77E6B5E}"
EndProject
Project("{8BC9CEB8-8B4A-11D0-8D11-00A0C91BC942}") = "OldTestLangue(1)", "..\OldTestLangue(1)\OldTestLangue(1).vcxproj", "{428AA468-C310-45A1-BF74-8E9C21DF4C5C}"
EndProject
Project("{8BC9CEB8-8B4A-11D0-8D11-00A0C91BC942}") = "HangmanGame", "..\HangmanGame\HangmanGame.vcxproj", "{105A17BC-9B5A-4263-A079-87CADBEB8D0B}"
EndProject
Project("{8BC9CEB8-8B4A-11D0-8D11-00A0C91BC942}") = "Array2Dimension", "..\Array2Dimension\Array2Dimension.vcxproj", "{4546D743-56A2-4E71-A23D-5B1CAFDC43BE}"
EndProject
Project("{8BC9CEB8-8B4A-11D0-8D11-00A0C91BC942}") = "Morpion", "..\Morpion\Morpion.vcxproj", "{36709566-5F95-4FA8-BF92-E45334369C3D}"
EndProject
Project("{8BC9CEB8-8B4A-11D0-8D11-00A0C91BC942}") = "CorectionTic_tac", "..\CorectionTic_tac\CorectionTic_tac.vcxproj", "{872907B0-D775-409D-8A6D-777119E384AD}"
EndProject
Project("{8BC9CEB8-8B4A-11D0-8D11-00A0C91BC942}") = "TempleMyAss", "..\TempleMyAss\TempleMyAss.vcxproj", "{97F992A5-DF1E-4ED1-90C3-EB31462E697C}"
EndProject
Project("{8BC9CEB8-8B4A-11D0-8D11-00A0C91BC942}") = "CorrectionTempleMyAss", "..\CorrectionTempleMyAss\CorrectionTempleMyAss.vcxproj", "{0BE8F451-4CBE-4F04-BA0A-06AD8CC1C681}"
EndProject
Project("{8BC9CEB8-8B4A-11D0-8D11-00A0C91BC942}") = "Polymorphyse10Pencentage", "..\Polymorphyse10Pencentage\Polymorphyse10Pencentage.vcxproj", "{38FC410D-9DBA-4985-92CB-BA8A97E336F0}"
EndProject
Project("{8BC9CEB8-8B4A-11D0-8D11-00A0C91BC942}") = "PlantingOfTree", "..\PlantingOfTree\PlantingOfTree.vcxproj", "{B1D7637A-4580-4CD3-B52B-A3AB754ADC08}"
EndProject
Project("{8BC9CEB8-8B4A-11D0-8D11-00A0C91BC942}") = "CorrectionPlantingOfTree", "..\CorrectionPlantingOfTree\CorrectionPlantingOfTree.vcxproj", "{E3DE9211-DCAA-4D56-A5F3-E717E0ED4017}"
EndProject
Project("{8BC9CEB8-8B4A-11D0-8D11-00A0C91BC942}") = "Pointer", "..\Pointer\Pointer.vcxproj", "{0D53E7BB-7BB4-4E28-9914-EE066002A96F}"
EndProject
Global
	GlobalSection(SolutionConfigurationPlatforms) = preSolution
		Debug|x64 = Debug|x64
		Debug|x86 = Debug|x86
		Release|x64 = Release|x64
		Release|x86 = Release|x86
	EndGlobalSection
	GlobalSection(ProjectConfigurationPlatforms) = postSolution
		{D0363DED-7E8E-42E7-994D-320C364536C5}.Debug|x64.ActiveCfg = Debug|x64
		{D0363DED-7E8E-42E7-994D-320C364536C5}.Debug|x64.Build.0 = Debug|x64
		{D0363DED-7E8E-42E7-994D-320C364536C5}.Debug|x86.ActiveCfg = Debug|Win32
		{D0363DED-7E8E-42E7-994D-320C364536C5}.Debug|x86.Build.0 = Debug|Win32
		{D0363DED-7E8E-42E7-994D-320C364536C5}.Release|x64.ActiveCfg = Release|x64
		{D0363DED-7E8E-42E7-994D-320C364536C5}.Release|x64.Build.0 = Release|x64
		{D0363DED-7E8E-42E7-994D-320C364536C5}.Release|x86.ActiveCfg = Release|Win32
		{D0363DED-7E8E-42E7-994D-320C364536C5}.Release|x86.Build.0 = Release|Win32
		{8FE5925B-4B33-48B5-83F5-4A90542621AB}.Debug|x64.ActiveCfg = Debug|x64
		{8FE5925B-4B33-48B5-83F5-4A90542621AB}.Debug|x64.Build.0 = Debug|x64
		{8FE5925B-4B33-48B5-83F5-4A90542621AB}.Debug|x86.ActiveCfg = Debug|Win32
		{8FE5925B-4B33-48B5-83F5-4A90542621AB}.Debug|x86.Build.0 = Debug|Win32
		{8FE5925B-4B33-48B5-83F5-4A90542621AB}.Release|x64.ActiveCfg = Release|x64
		{8FE5925B-4B33-48B5-83F5-4A90542621AB}.Release|x64.Build.0 = Release|x64
		{8FE5925B-4B33-48B5-83F5-4A90542621AB}.Release|x86.ActiveCfg = Release|Win32
		{8FE5925B-4B33-48B5-83F5-4A90542621AB}.Release|x86.Build.0 = Release|Win32
		{722BAE65-1DD7-47D5-847F-E67D7F8668BD}.Debug|x64.ActiveCfg = Debug|x64
		{722BAE65-1DD7-47D5-847F-E67D7F8668BD}.Debug|x64.Build.0 = Debug|x64
		{722BAE65-1DD7-47D5-847F-E67D7F8668BD}.Debug|x86.ActiveCfg = Debug|Win32
		{722BAE65-1DD7-47D5-847F-E67D7F8668BD}.Debug|x86.Build.0 = Debug|Win32
		{722BAE65-1DD7-47D5-847F-E67D7F8668BD}.Release|x64.ActiveCfg = Release|x64
		{722BAE65-1DD7-47D5-847F-E67D7F8668BD}.Release|x64.Build.0 = Release|x64
		{722BAE65-1DD7-47D5-847F-E67D7F8668BD}.Release|x86.ActiveCfg = Release|Win32
		{722BAE65-1DD7-47D5-847F-E67D7F8668BD}.Release|x86.Build.0 = Release|Win32
		{46B375FF-D1F7-494F-9223-A16214B02167}.Debug|x64.ActiveCfg = Debug|x64
		{46B375FF-D1F7-494F-9223-A16214B02167}.Debug|x64.Build.0 = Debug|x64
		{46B375FF-D1F7-494F-9223-A16214B02167}.Debug|x86.ActiveCfg = Debug|Win32
		{46B375FF-D1F7-494F-9223-A16214B02167}.Debug|x86.Build.0 = Debug|Win32
		{46B375FF-D1F7-494F-9223-A16214B02167}.Release|x64.ActiveCfg = Release|x64
		{46B375FF-D1F7-494F-9223-A16214B02167}.Release|x64.Build.0 = Release|x64
		{46B375FF-D1F7-494F-9223-A16214B02167}.Release|x86.ActiveCfg = Release|Win32
		{46B375FF-D1F7-494F-9223-A16214B02167}.Release|x86.Build.0 = Release|Win32
		{67C753CE-90C3-4B34-9241-1C0F2D8BA302}.Debug|x64.ActiveCfg = Debug|x64
		{67C753CE-90C3-4B34-9241-1C0F2D8BA302}.Debug|x64.Build.0 = Debug|x64
		{67C753CE-90C3-4B34-9241-1C0F2D8BA302}.Debug|x86.ActiveCfg = Debug|Win32
		{67C753CE-90C3-4B34-9241-1C0F2D8BA302}.Debug|x86.Build.0 = Debug|Win32
		{67C753CE-90C3-4B34-9241-1C0F2D8BA302}.Release|x64.ActiveCfg = Release|x64
		{67C753CE-90C3-4B34-9241-1C0F2D8BA302}.Release|x64.Build.0 = Release|x64
		{67C753CE-90C3-4B34-9241-1C0F2D8BA302}.Release|x86.ActiveCfg = Release|Win32
		{67C753CE-90C3-4B34-9241-1C0F2D8BA302}.Release|x86.Build.0 = Release|Win32
		{3068922B-B22A-4184-B1E0-AAB3E77E6B5E}.Debug|x64.ActiveCfg = Debug|x64
		{3068922B-B22A-4184-B1E0-AAB3E77E6B5E}.Debug|x64.Build.0 = Debug|x64
		{3068922B-B22A-4184-B1E0-AAB3E77E6B5E}.Debug|x86.ActiveCfg = Debug|Win32
		{3068922B-B22A-4184-B1E0-AAB3E77E6B5E}.Debug|x86.Build.0 = Debug|Win32
		{3068922B-B22A-4184-B1E0-AAB3E77E6B5E}.Release|x64.ActiveCfg = Release|x64
		{3068922B-B22A-4184-B1E0-AAB3E77E6B5E}.Release|x64.Build.0 = Release|x64
		{3068922B-B22A-4184-B1E0-AAB3E77E6B5E}.Release|x86.ActiveCfg = Release|Win32
		{3068922B-B22A-4184-B1E0-AAB3E77E6B5E}.Release|x86.Build.0 = Release|Win32
		{428AA468-C310-45A1-BF74-8E9C21DF4C5C}.Debug|x64.ActiveCfg = Debug|x64
		{428AA468-C310-45A1-BF74-8E9C21DF4C5C}.Debug|x64.Build.0 = Debug|x64
		{428AA468-C310-45A1-BF74-8E9C21DF4C5C}.Debug|x86.ActiveCfg = Debug|Win32
		{428AA468-C310-45A1-BF74-8E9C21DF4C5C}.Debug|x86.Build.0 = Debug|Win32
		{428AA468-C310-45A1-BF74-8E9C21DF4C5C}.Release|x64.ActiveCfg = Release|x64
		{428AA468-C310-45A1-BF74-8E9C21DF4C5C}.Release|x64.Build.0 = Release|x64
		{428AA468-C310-45A1-BF74-8E9C21DF4C5C}.Release|x86.ActiveCfg = Release|Win32
		{428AA468-C310-45A1-BF74-8E9C21DF4C5C}.Release|x86.Build.0 = Release|Win32
		{105A17BC-9B5A-4263-A079-87CADBEB8D0B}.Debug|x64.ActiveCfg = Debug|x64
		{105A17BC-9B5A-4263-A079-87CADBEB8D0B}.Debug|x64.Build.0 = Debug|x64
		{105A17BC-9B5A-4263-A079-87CADBEB8D0B}.Debug|x86.ActiveCfg = Debug|Win32
		{105A17BC-9B5A-4263-A079-87CADBEB8D0B}.Debug|x86.Build.0 = Debug|Win32
		{105A17BC-9B5A-4263-A079-87CADBEB8D0B}.Release|x64.ActiveCfg = Release|x64
		{105A17BC-9B5A-4263-A079-87CADBEB8D0B}.Release|x64.Build.0 = Release|x64
		{105A17BC-9B5A-4263-A079-87CADBEB8D0B}.Release|x86.ActiveCfg = Release|Win32
		{105A17BC-9B5A-4263-A079-87CADBEB8D0B}.Release|x86.Build.0 = Release|Win32
		{4546D743-56A2-4E71-A23D-5B1CAFDC43BE}.Debug|x64.ActiveCfg = Debug|x64
		{4546D743-56A2-4E71-A23D-5B1CAFDC43BE}.Debug|x64.Build.0 = Debug|x64
		{4546D743-56A2-4E71-A23D-5B1CAFDC43BE}.Debug|x86.ActiveCfg = Debug|Win32
		{4546D743-56A2-4E71-A23D-5B1CAFDC43BE}.Debug|x86.Build.0 = Debug|Win32
		{4546D743-56A2-4E71-A23D-5B1CAFDC43BE}.Release|x64.ActiveCfg = Release|x64
		{4546D743-56A2-4E71-A23D-5B1CAFDC43BE}.Release|x64.Build.0 = Release|x64
		{4546D743-56A2-4E71-A23D-5B1CAFDC43BE}.Release|x86.ActiveCfg = Release|Win32
		{4546D743-56A2-4E71-A23D-5B1CAFDC43BE}.Release|x86.Build.0 = Release|Win32
		{36709566-5F95-4FA8-BF92-E45334369C3D}.Debug|x64.ActiveCfg = Debug|x64
		{36709566-5F95-4FA8-BF92-E45334369C3D}.Debug|x64.Build.0 = Debug|x64
		{36709566-5F95-4FA8-BF92-E45334369C3D}.Debug|x86.ActiveCfg = Debug|Win32
		{36709566-5F95-4FA8-BF92-E45334369C3D}.Debug|x86.Build.0 = Debug|Win32
		{36709566-5F95-4FA8-BF92-E45334369C3D}.Release|x64.ActiveCfg = Release|x64
		{36709566-5F95-4FA8-BF92-E45334369C3D}.Release|x64.Build.0 = Release|x64
		{36709566-5F95-4FA8-BF92-E45334369C3D}.Release|x86.ActiveCfg = Release|Win32
		{36709566-5F95-4FA8-BF92-E45334369C3D}.Release|x86.Build.0 = Release|Win32
		{872907B0-D775-409D-8A6D-777119E384AD}.Debug|x64.ActiveCfg = Debug|x64
		{872907B0-D775-409D-8A6D-777119E384AD}.Debug|x64.Build.0 = Debug|x64
		{872907B0-D775-409D-8A6D-777119E384AD}.Debug|x86.ActiveCfg = Debug|Win32
		{872907B0-D775-409D-8A6D-777119E384AD}.Debug|x86.Build.0 = Debug|Win32
		{872907B0-D775-409D-8A6D-777119E384AD}.Release|x64.ActiveCfg = Release|x64
		{872907B0-D775-409D-8A6D-777119E384AD}.Release|x64.Build.0 = Release|x64
		{872907B0-D775-409D-8A6D-777119E384AD}.Release|x86.ActiveCfg = Release|Win32
		{872907B0-D775-409D-8A6D-777119E384AD}.Release|x86.Build.0 = Release|Win32
		{97F992A5-DF1E-4ED1-90C3-EB31462E697C}.Debug|x64.ActiveCfg = Debug|x64
		{97F992A5-DF1E-4ED1-90C3-EB31462E697C}.Debug|x64.Build.0 = Debug|x64
		{97F992A5-DF1E-4ED1-90C3-EB31462E697C}.Debug|x86.ActiveCfg = Debug|Win32
		{97F992A5-DF1E-4ED1-90C3-EB31462E697C}.Debug|x86.Build.0 = Debug|Win32
		{97F992A5-DF1E-4ED1-90C3-EB31462E697C}.Release|x64.ActiveCfg = Release|x64
		{97F992A5-DF1E-4ED1-90C3-EB31462E697C}.Release|x64.Build.0 = Release|x64
		{97F992A5-DF1E-4ED1-90C3-EB31462E697C}.Release|x86.ActiveCfg = Release|Win32
		{97F992A5-DF1E-4ED1-90C3-EB31462E697C}.Release|x86.Build.0 = Release|Win32
		{0BE8F451-4CBE-4F04-BA0A-06AD8CC1C681}.Debug|x64.ActiveCfg = Debug|x64
		{0BE8F451-4CBE-4F04-BA0A-06AD8CC1C681}.Debug|x64.Build.0 = Debug|x64
		{0BE8F451-4CBE-4F04-BA0A-06AD8CC1C681}.Debug|x86.ActiveCfg = Debug|Win32
		{0BE8F451-4CBE-4F04-BA0A-06AD8CC1C681}.Debug|x86.Build.0 = Debug|Win32
		{0BE8F451-4CBE-4F04-BA0A-06AD8CC1C681}.Release|x64.ActiveCfg = Release|x64
		{0BE8F451-4CBE-4F04-BA0A-06AD8CC1C681}.Release|x64.Build.0 = Release|x64
		{0BE8F451-4CBE-4F04-BA0A-06AD8CC1C681}.Release|x86.ActiveCfg = Release|Win32
		{0BE8F451-4CBE-4F04-BA0A-06AD8CC1C681}.Release|x86.Build.0 = Release|Win32
		{38FC410D-9DBA-4985-92CB-BA8A97E336F0}.Debug|x64.ActiveCfg = Debug|x64
		{38FC410D-9DBA-4985-92CB-BA8A97E336F0}.Debug|x64.Build.0 = Debug|x64
		{38FC410D-9DBA-4985-92CB-BA8A97E336F0}.Debug|x86.ActiveCfg = Debug|Win32
		{38FC410D-9DBA-4985-92CB-BA8A97E336F0}.Debug|x86.Build.0 = Debug|Win32
		{38FC410D-9DBA-4985-92CB-BA8A97E336F0}.Release|x64.ActiveCfg = Release|x64
		{38FC410D-9DBA-4985-92CB-BA8A97E336F0}.Release|x64.Build.0 = Release|x64
		{38FC410D-9DBA-4985-92CB-BA8A97E336F0}.Release|x86.ActiveCfg = Release|Win32
		{38FC410D-9DBA-4985-92CB-BA8A97E336F0}.Release|x86.Build.0 = Release|Win32
		{B1D7637A-4580-4CD3-B52B-A3AB754ADC08}.Debug|x64.ActiveCfg = Debug|x64
		{B1D7637A-4580-4CD3-B52B-A3AB754ADC08}.Debug|x64.Build.0 = Debug|x64
		{B1D7637A-4580-4CD3-B52B-A3AB754ADC08}.Debug|x86.ActiveCfg = Debug|Win32
		{B1D7637A-4580-4CD3-B52B-A3AB754ADC08}.Debug|x86.Build.0 = Debug|Win32
		{B1D7637A-4580-4CD3-B52B-A3AB754ADC08}.Release|x64.ActiveCfg = Release|x64
		{B1D7637A-4580-4CD3-B52B-A3AB754ADC08}.Release|x64.Build.0 = Release|x64
		{B1D7637A-4580-4CD3-B52B-A3AB754ADC08}.Release|x86.ActiveCfg = Release|Win32
		{B1D7637A-4580-4CD3-B52B-A3AB754ADC08}.Release|x86.Build.0 = Release|Win32
		{E3DE9211-DCAA-4D56-A5F3-E717E0ED4017}.Debug|x64.ActiveCfg = Debug|x64
		{E3DE9211-DCAA-4D56-A5F3-E717E0ED4017}.Debug|x64.Build.0 = Debug|x64
		{E3DE9211-DCAA-4D56-A5F3-E717E0ED4017}.Debug|x86.ActiveCfg = Debug|Win32
		{E3DE9211-DCAA-4D56-A5F3-E717E0ED4017}.Debug|x86.Build.0 = Debug|Win32
		{E3DE9211-DCAA-4D56-A5F3-E717E0ED4017}.Release|x64.ActiveCfg = Release|x64
		{E3DE9211-DCAA-4D56-A5F3-E717E0ED4017}.Release|x64.Build.0 = Release|x64
		{E3DE9211-DCAA-4D56-A5F3-E717E0ED4017}.Release|x86.ActiveCfg = Release|Win32
		{E3DE9211-DCAA-4D56-A5F3-E717E0ED4017}.Release|x86.Build.0 = Release|Win32
		{0D53E7BB-7BB4-4E28-9914-EE066002A96F}.Debug|x64.ActiveCfg = Debug|x64
		{0D53E7BB-7BB4-4E28-9914-EE066002A96F}.Debug|x64.Build.0 = Debug|x64
		{0D53E7BB-7BB4-4E28-9914-EE066002A96F}.Debug|x86.ActiveCfg = Debug|Win32
		{0D53E7BB-7BB4-4E28-9914-EE066002A96F}.Debug|x86.Build.0 = Debug|Win32
		{0D53E7BB-7BB4-4E28-9914-EE066002A96F}.Release|x64.ActiveCfg = Release|x64
		{0D53E7BB-7BB4-4E28-9914-EE066002A96F}.Release|x64.Build.0 = Release|x64
		{0D53E7BB-7BB4-4E28-9914-EE066002A96F}.Release|x86.ActiveCfg = Release|Win32
		{0D53E7BB-7BB4-4E28-9914-EE066002A96F}.Release|x86.Build.0 = Release|Win32
	EndGlobalSection
	GlobalSection(SolutionProperties) = preSolution
		HideSolutionNode = FALSE
	EndGlobalSection
	GlobalSection(ExtensibilityGlobals) = postSolution
		SolutionGuid = {D1A50EA4-C4E3-43A5-A1A5-474D3A817800}
	EndGlobalSection
EndGlobal
