
Microsoft Visual Studio Solution File, Format Version 12.00
# Visual Studio Version 17
VisualStudioVersion = 17.2.32616.157
MinimumVisualStudioVersion = 10.0.40219.1
Project("{8BC9CEB8-8B4A-11D0-8D11-00A0C91BC942}") = "MyFirstProject", "MyFirstProject.vcxproj", "{D0363DED-7E8E-42E7-994D-320C364536C5}"
EndProject
Project("{8BC9CEB8-8B4A-11D0-8D11-00A0C91BC942}") = "Array", "..\Array\Array.vcxproj", "{8FE5925B-4B33-48B5-83F5-4A90542621AB}"
EndProject
Project("{8BC9CEB8-8B4A-11D0-8D11-00A0C91BC942}") = "CorecttionTestBool", "..\CorecttionTestBool\CorecttionTestBool.vcxproj", "{722BAE65-1DD7-47D5-847F-E67D7F8668BD}"
EndProject
Project("{8BC9CEB8-8B4A-11D0-8D11-00A0C91BC942}") = "TestLangue", "..\TestLangue\TestLangue.vcxproj", "{46B375FF-D1F7-494F-9223-A16214B02167}"
EndProject
Project("{8BC9CEB8-8B4A-11D0-8D11-00A0C91BC942}") = "TestBool", "..\TestBool(1)\TestBool.vcxproj", "{67C753CE-90C3-4B34-9241-1C0F2D8BA302}"
EndProject
Project("{8BC9CEB8-8B4A-11D0-8D11-00A0C91BC942}") = "KmExercice", "..\KmExercice\KmExercice.vcxproj", "{3068922B-B22A-4184-B1E0-AAB3E77E6B5E}"
EndProject
Project("{8BC9CEB8-8B4A-11D0-8D11-00A0C91BC942}") = "OldTestLangue(1)", "..\OldTestLangue(1)\OldTestLangue(1).vcxproj", "{428AA468-C310-45A1-BF74-8E9C21DF4C5C}"
EndProject
Project("{8BC9CEB8-8B4A-11D0-8D11-00A0C91BC942}") = "HangmanGame", "..\HangmanGame\HangmanGame.vcxproj", "{105A17BC-9B5A-4263-A079-87CADBEB8D0B}"
EndProject
Project("{8BC9CEB8-8B4A-11D0-8D11-00A0C91BC942}") = "Array2Dimension", "..\Array2Dimension\Array2Dimension.vcxproj", "{4546D743-56A2-4E71-A23D-5B1CAFDC43BE}"
EndProject
Project("{8BC9CEB8-8B4A-11D0-8D11-00A0C91BC942}") = "Morpion", "..\Morpion\Morpion.vcxproj", "{36709566-5F95-4FA8-BF92-E45334369C3D}"
EndProject
Project("{8BC9CEB8-8B4A-11D0-8D11-00A0C91BC942}") = "CorectionTic_tac", "..\CorectionTic_tac\CorectionTic_tac.vcxproj", "{872907B0-D775-409D-8A6D-777119E384AD}"
EndProject
Project("{8BC9CEB8-8B4A-11D0-8D11-00A0C91BC942}") = "TempleMyAss", "..\TempleMyAss\TempleMyAss.vcxproj", "{97F992A5-DF1E-4ED1-90C3-EB31462E697C}"
EndProject
Project("{8BC9CEB8-8B4A-11D0-8D11-00A0C91BC942}") = "CorrectionTempleMyAss", "..\CorrectionTempleMyAss\CorrectionTempleMyAss.vcxproj", "{0BE8F451-4CBE-4F04-BA0A-06AD8CC1C681}"
EndProject
Project("{8BC9CEB8-8B4A-11D0-8D11-00A0C91BC942}") = "Polymorphyse10Pencentage", "..\Polymorphyse10Pencentage\Polymorphyse10Pencentage.vcxproj", "{38FC410D-9DBA-4985-92CB-BA8A97E336F0}"
EndProject
Project("{8BC9CEB8-8B4A-11D0-8D11-00A0C91BC942}") = "PlantingOfTree", "..\PlantingOfTree\PlantingOfTree.vcxproj", "{B1D7637A-4580-4CD3-B52B-A3AB754ADC08}"
EndProject
Project("{8BC9CEB8-8B4A-11D0-8D11-00A0C91BC942}") = "CorrectionPlantingOfTree", "..\CorrectionPlantingOfTree\CorrectionPlantingOfTree.vcxproj", "{E3DE9211-DCAA-4D56-A5F3-E717E0ED4017}"
EndProject
Project("{8BC9CEB8-8B4A-11D0-8D11-00A0C91BC942}") = "Pointer", "..\Pointer\Pointer.vcxproj", "{0D53E7BB-7BB4-4E28-9914-EE066002A96F}"
EndProject
Project("{8BC9CEB8-8B4A-11D0-8D11-00A0C91BC942}") = "List", "..\List\List.vcxproj", "{8486A16D-0506-499E-B618-821EDE8D89C1}"
EndProject
Project("{8BC9CEB8-8B4A-11D0-8D11-00A0C91BC942}") = "TestLangueDynamique", "..\TestLangueDynamique\TestLangueDynamique.vcxproj", "{18E279F4-FF28-4F76-B285-B2A58FF3C4B4}"
EndProject
Project("{8BC9CEB8-8B4A-11D0-8D11-00A0C91BC942}") = "Labyrinth", "..\Labyrinth\Labyrinth.vcxproj", "{0B84CC34-C384-475C-9484-0441F28F5162}"
EndProject
Project("{8BC9CEB8-8B4A-11D0-8D11-00A0C91BC942}") = "CorrectionLabyrinthe", "..\CorrectionLabyrinthe\CorrectionLabyrinthe.vcxproj", "{FB55EB63-2DC1-4CA9-81A1-769EAFCAAAAA}"
EndProject
Project("{8BC9CEB8-8B4A-11D0-8D11-00A0C91BC942}") = "PPO", "..\PPO\PPO.vcxproj", "{D9693CD8-F094-4887-B92C-8C176308F6A7}"
EndProject
Project("{8BC9CEB8-8B4A-11D0-8D11-00A0C91BC942}") = "RPG", "..\RPG\RPG.vcxproj", "{3E0F6E8F-1D15-4706-9949-BB4F1A930786}"
EndProject
Project("{8BC9CEB8-8B4A-11D0-8D11-00A0C91BC942}") = "ListPPO", "..\ListPPO\ListPPO.vcxproj", "{F540B6BB-56F1-4249-9F5B-188AEDF95DE4}"
EndProject
Project("{8BC9CEB8-8B4A-11D0-8D11-00A0C91BC942}") = "CleanCours", "..\CleanCours\CleanCours.vcxproj", "{18EA3FB3-551C-48EA-8B18-E5D6BF6657FA}"
EndProject
Project("{8BC9CEB8-8B4A-11D0-8D11-00A0C91BC942}") = "TradPPO", "..\TradPPO\TradPPO.vcxproj", "{C575A772-6581-4CB5-9AC8-ECC6B0872C59}"
EndProject
Project("{911E67C6-3D85-4FCE-B560-20A9C3E3FF48}") = "GameSave", "..\TraductionExo(Correction TradPPO)\GameSave.exe", "{EC04DF1F-DC7D-4B47-B9A2-94CC19107EA9}"
	ProjectSection(DebuggerProjectSystem) = preProject
		PortSupplier = 00000000-0000-0000-0000-000000000000
		Executable = C:\Users\GUIC1203\source\repos\pp\TraductionExo(Correction TradPPO)\GameSave.exe
		RemoteMachine = POSTE-G023
		StartingDirectory = C:\Users\GUIC1203\source\repos\pp\TraductionExo(Correction TradPPO)
		Environment = Default
		LaunchingEngine = 00000000-0000-0000-0000-000000000000
		UseLegacyDebugEngines = No
		LaunchSQLEngine = No
		AttachLaunchAction = No
		IORedirection = Auto
	EndProjectSection
EndProject
Project("{8BC9CEB8-8B4A-11D0-8D11-00A0C91BC942}") = "Ex_06_10_2022", "..\Ex_06_10_2022\Ex_06_10_2022.vcxproj", "{B5E18A98-7AC8-4F71-ACD1-51098FF6D84A}"
EndProject
Project("{8BC9CEB8-8B4A-11D0-8D11-00A0C91BC942}") = "Corection ex_06_10_2022", "..\Corection ex_06_10_2022\Corection ex_06_10_2022.vcxproj", "{B975C3B8-18FE-4276-AE93-DF057186DAE6}"
EndProject
Project("{8BC9CEB8-8B4A-11D0-8D11-00A0C91BC942}") = "Linked List", "..\Linked List\Linked List.vcxproj", "{4DD0A797-6917-42ED-88D0-75DD5C181F9C}"
EndProject
Project("{8BC9CEB8-8B4A-11D0-8D11-00A0C91BC942}") = "LinkedListTest", "..\LinkedListKevin\LinkedListTest\LinkedListTest.vcxproj", "{AF4E280B-4B20-492D-A8EB-72520FD740D3}"
EndProject
Project("{8BC9CEB8-8B4A-11D0-8D11-00A0C91BC942}") = "Correction LikedList", "..\Correction LikedList\Correction LikedList.vcxproj", "{497A7969-17AE-4427-926F-C5819680C9A6}"
EndProject
Global
	GlobalSection(SolutionConfigurationPlatforms) = preSolution
		Debug|x64 = Debug|x64
		Debug|x86 = Debug|x86
		Release|x64 = Release|x64
		Release|x86 = Release|x86
	EndGlobalSection
	GlobalSection(ProjectConfigurationPlatforms) = postSolution
		{D0363DED-7E8E-42E7-994D-320C364536C5}.Debug|x64.ActiveCfg = Debug|x64
		{D0363DED-7E8E-42E7-994D-320C364536C5}.Debug|x64.Build.0 = Debug|x64
		{D0363DED-7E8E-42E7-994D-320C364536C5}.Debug|x86.ActiveCfg = Debug|Win32
		{D0363DED-7E8E-42E7-994D-320C364536C5}.Debug|x86.Build.0 = Debug|Win32
		{D0363DED-7E8E-42E7-994D-320C364536C5}.Release|x64.ActiveCfg = Release|x64
		{D0363DED-7E8E-42E7-994D-320C364536C5}.Release|x64.Build.0 = Release|x64
		{D0363DED-7E8E-42E7-994D-320C364536C5}.Release|x86.ActiveCfg = Release|Win32
		{D0363DED-7E8E-42E7-994D-320C364536C5}.Release|x86.Build.0 = Release|Win32
		{8FE5925B-4B33-48B5-83F5-4A90542621AB}.Debug|x64.ActiveCfg = Debug|x64
		{8FE5925B-4B33-48B5-83F5-4A90542621AB}.Debug|x64.Build.0 = Debug|x64
		{8FE5925B-4B33-48B5-83F5-4A90542621AB}.Debug|x86.ActiveCfg = Debug|Win32
		{8FE5925B-4B33-48B5-83F5-4A90542621AB}.Debug|x86.Build.0 = Debug|Win32
		{8FE5925B-4B33-48B5-83F5-4A90542621AB}.Release|x64.ActiveCfg = Release|x64
		{8FE5925B-4B33-48B5-83F5-4A90542621AB}.Release|x64.Build.0 = Release|x64
		{8FE5925B-4B33-48B5-83F5-4A90542621AB}.Release|x86.ActiveCfg = Release|Win32
		{8FE5925B-4B33-48B5-83F5-4A90542621AB}.Release|x86.Build.0 = Release|Win32
		{722BAE65-1DD7-47D5-847F-E67D7F8668BD}.Debug|x64.ActiveCfg = Debug|x64
		{722BAE65-1DD7-47D5-847F-E67D7F8668BD}.Debug|x64.Build.0 = Debug|x64
		{722BAE65-1DD7-47D5-847F-E67D7F8668BD}.Debug|x86.ActiveCfg = Debug|Win32
		{722BAE65-1DD7-47D5-847F-E67D7F8668BD}.Debug|x86.Build.0 = Debug|Win32
		{722BAE65-1DD7-47D5-847F-E67D7F8668BD}.Release|x64.ActiveCfg = Release|x64
		{722BAE65-1DD7-47D5-847F-E67D7F8668BD}.Release|x64.Build.0 = Release|x64
		{722BAE65-1DD7-47D5-847F-E67D7F8668BD}.Release|x86.ActiveCfg = Release|Win32
		{722BAE65-1DD7-47D5-847F-E67D7F8668BD}.Release|x86.Build.0 = Release|Win32
		{46B375FF-D1F7-494F-9223-A16214B02167}.Debug|x64.ActiveCfg = Debug|x64
		{46B375FF-D1F7-494F-9223-A16214B02167}.Debug|x64.Build.0 = Debug|x64
		{46B375FF-D1F7-494F-9223-A16214B02167}.Debug|x86.ActiveCfg = Debug|Win32
		{46B375FF-D1F7-494F-9223-A16214B02167}.Debug|x86.Build.0 = Debug|Win32
		{46B375FF-D1F7-494F-9223-A16214B02167}.Release|x64.ActiveCfg = Release|x64
		{46B375FF-D1F7-494F-9223-A16214B02167}.Release|x64.Build.0 = Release|x64
		{46B375FF-D1F7-494F-9223-A16214B02167}.Release|x86.ActiveCfg = Release|Win32
		{46B375FF-D1F7-494F-9223-A16214B02167}.Release|x86.Build.0 = Release|Win32
		{67C753CE-90C3-4B34-9241-1C0F2D8BA302}.Debug|x64.ActiveCfg = Debug|x64
		{67C753CE-90C3-4B34-9241-1C0F2D8BA302}.Debug|x64.Build.0 = Debug|x64
		{67C753CE-90C3-4B34-9241-1C0F2D8BA302}.Debug|x86.ActiveCfg = Debug|Win32
		{67C753CE-90C3-4B34-9241-1C0F2D8BA302}.Debug|x86.Build.0 = Debug|Win32
		{67C753CE-90C3-4B34-9241-1C0F2D8BA302}.Release|x64.ActiveCfg = Release|x64
		{67C753CE-90C3-4B34-9241-1C0F2D8BA302}.Release|x64.Build.0 = Release|x64
		{67C753CE-90C3-4B34-9241-1C0F2D8BA302}.Release|x86.ActiveCfg = Release|Win32
		{67C753CE-90C3-4B34-9241-1C0F2D8BA302}.Release|x86.Build.0 = Release|Win32
		{3068922B-B22A-4184-B1E0-AAB3E77E6B5E}.Debug|x64.ActiveCfg = Debug|x64
		{3068922B-B22A-4184-B1E0-AAB3E77E6B5E}.Debug|x64.Build.0 = Debug|x64
		{3068922B-B22A-4184-B1E0-AAB3E77E6B5E}.Debug|x86.ActiveCfg = Debug|Win32
		{3068922B-B22A-4184-B1E0-AAB3E77E6B5E}.Debug|x86.Build.0 = Debug|Win32
		{3068922B-B22A-4184-B1E0-AAB3E77E6B5E}.Release|x64.ActiveCfg = Release|x64
		{3068922B-B22A-4184-B1E0-AAB3E77E6B5E}.Release|x64.Build.0 = Release|x64
		{3068922B-B22A-4184-B1E0-AAB3E77E6B5E}.Release|x86.ActiveCfg = Release|Win32
		{3068922B-B22A-4184-B1E0-AAB3E77E6B5E}.Release|x86.Build.0 = Release|Win32
		{428AA468-C310-45A1-BF74-8E9C21DF4C5C}.Debug|x64.ActiveCfg = Debug|x64
		{428AA468-C310-45A1-BF74-8E9C21DF4C5C}.Debug|x64.Build.0 = Debug|x64
		{428AA468-C310-45A1-BF74-8E9C21DF4C5C}.Debug|x86.ActiveCfg = Debug|Win32
		{428AA468-C310-45A1-BF74-8E9C21DF4C5C}.Debug|x86.Build.0 = Debug|Win32
		{428AA468-C310-45A1-BF74-8E9C21DF4C5C}.Release|x64.ActiveCfg = Release|x64
		{428AA468-C310-45A1-BF74-8E9C21DF4C5C}.Release|x64.Build.0 = Release|x64
		{428AA468-C310-45A1-BF74-8E9C21DF4C5C}.Release|x86.ActiveCfg = Release|Win32
		{428AA468-C310-45A1-BF74-8E9C21DF4C5C}.Release|x86.Build.0 = Release|Win32
		{105A17BC-9B5A-4263-A079-87CADBEB8D0B}.Debug|x64.ActiveCfg = Debug|x64
		{105A17BC-9B5A-4263-A079-87CADBEB8D0B}.Debug|x64.Build.0 = Debug|x64
		{105A17BC-9B5A-4263-A079-87CADBEB8D0B}.Debug|x86.ActiveCfg = Debug|Win32
		{105A17BC-9B5A-4263-A079-87CADBEB8D0B}.Debug|x86.Build.0 = Debug|Win32
		{105A17BC-9B5A-4263-A079-87CADBEB8D0B}.Release|x64.ActiveCfg = Release|x64
		{105A17BC-9B5A-4263-A079-87CADBEB8D0B}.Release|x64.Build.0 = Release|x64
		{105A17BC-9B5A-4263-A079-87CADBEB8D0B}.Release|x86.ActiveCfg = Release|Win32
		{105A17BC-9B5A-4263-A079-87CADBEB8D0B}.Release|x86.Build.0 = Release|Win32
		{4546D743-56A2-4E71-A23D-5B1CAFDC43BE}.Debug|x64.ActiveCfg = Debug|x64
		{4546D743-56A2-4E71-A23D-5B1CAFDC43BE}.Debug|x64.Build.0 = Debug|x64
		{4546D743-56A2-4E71-A23D-5B1CAFDC43BE}.Debug|x86.ActiveCfg = Debug|Win32
		{4546D743-56A2-4E71-A23D-5B1CAFDC43BE}.Debug|x86.Build.0 = Debug|Win32
		{4546D743-56A2-4E71-A23D-5B1CAFDC43BE}.Release|x64.ActiveCfg = Release|x64
		{4546D743-56A2-4E71-A23D-5B1CAFDC43BE}.Release|x64.Build.0 = Release|x64
		{4546D743-56A2-4E71-A23D-5B1CAFDC43BE}.Release|x86.ActiveCfg = Release|Win32
		{4546D743-56A2-4E71-A23D-5B1CAFDC43BE}.Release|x86.Build.0 = Release|Win32
		{36709566-5F95-4FA8-BF92-E45334369C3D}.Debug|x64.ActiveCfg = Debug|x64
		{36709566-5F95-4FA8-BF92-E45334369C3D}.Debug|x64.Build.0 = Debug|x64
		{36709566-5F95-4FA8-BF92-E45334369C3D}.Debug|x86.ActiveCfg = Debug|Win32
		{36709566-5F95-4FA8-BF92-E45334369C3D}.Debug|x86.Build.0 = Debug|Win32
		{36709566-5F95-4FA8-BF92-E45334369C3D}.Release|x64.ActiveCfg = Release|x64
		{36709566-5F95-4FA8-BF92-E45334369C3D}.Release|x64.Build.0 = Release|x64
		{36709566-5F95-4FA8-BF92-E45334369C3D}.Release|x86.ActiveCfg = Release|Win32
		{36709566-5F95-4FA8-BF92-E45334369C3D}.Release|x86.Build.0 = Release|Win32
		{872907B0-D775-409D-8A6D-777119E384AD}.Debug|x64.ActiveCfg = Debug|x64
		{872907B0-D775-409D-8A6D-777119E384AD}.Debug|x64.Build.0 = Debug|x64
		{872907B0-D775-409D-8A6D-777119E384AD}.Debug|x86.ActiveCfg = Debug|Win32
		{872907B0-D775-409D-8A6D-777119E384AD}.Debug|x86.Build.0 = Debug|Win32
		{872907B0-D775-409D-8A6D-777119E384AD}.Release|x64.ActiveCfg = Release|x64
		{872907B0-D775-409D-8A6D-777119E384AD}.Release|x64.Build.0 = Release|x64
		{872907B0-D775-409D-8A6D-777119E384AD}.Release|x86.ActiveCfg = Release|Win32
		{872907B0-D775-409D-8A6D-777119E384AD}.Release|x86.Build.0 = Release|Win32
		{97F992A5-DF1E-4ED1-90C3-EB31462E697C}.Debug|x64.ActiveCfg = Debug|x64
		{97F992A5-DF1E-4ED1-90C3-EB31462E697C}.Debug|x64.Build.0 = Debug|x64
		{97F992A5-DF1E-4ED1-90C3-EB31462E697C}.Debug|x86.ActiveCfg = Debug|Win32
		{97F992A5-DF1E-4ED1-90C3-EB31462E697C}.Debug|x86.Build.0 = Debug|Win32
		{97F992A5-DF1E-4ED1-90C3-EB31462E697C}.Release|x64.ActiveCfg = Release|x64
		{97F992A5-DF1E-4ED1-90C3-EB31462E697C}.Release|x64.Build.0 = Release|x64
		{97F992A5-DF1E-4ED1-90C3-EB31462E697C}.Release|x86.ActiveCfg = Release|Win32
		{97F992A5-DF1E-4ED1-90C3-EB31462E697C}.Release|x86.Build.0 = Release|Win32
		{0BE8F451-4CBE-4F04-BA0A-06AD8CC1C681}.Debug|x64.ActiveCfg = Debug|x64
		{0BE8F451-4CBE-4F04-BA0A-06AD8CC1C681}.Debug|x64.Build.0 = Debug|x64
		{0BE8F451-4CBE-4F04-BA0A-06AD8CC1C681}.Debug|x86.ActiveCfg = Debug|Win32
		{0BE8F451-4CBE-4F04-BA0A-06AD8CC1C681}.Debug|x86.Build.0 = Debug|Win32
		{0BE8F451-4CBE-4F04-BA0A-06AD8CC1C681}.Release|x64.ActiveCfg = Release|x64
		{0BE8F451-4CBE-4F04-BA0A-06AD8CC1C681}.Release|x64.Build.0 = Release|x64
		{0BE8F451-4CBE-4F04-BA0A-06AD8CC1C681}.Release|x86.ActiveCfg = Release|Win32
		{0BE8F451-4CBE-4F04-BA0A-06AD8CC1C681}.Release|x86.Build.0 = Release|Win32
		{38FC410D-9DBA-4985-92CB-BA8A97E336F0}.Debug|x64.ActiveCfg = Debug|x64
		{38FC410D-9DBA-4985-92CB-BA8A97E336F0}.Debug|x64.Build.0 = Debug|x64
		{38FC410D-9DBA-4985-92CB-BA8A97E336F0}.Debug|x86.ActiveCfg = Debug|Win32
		{38FC410D-9DBA-4985-92CB-BA8A97E336F0}.Debug|x86.Build.0 = Debug|Win32
		{38FC410D-9DBA-4985-92CB-BA8A97E336F0}.Release|x64.ActiveCfg = Release|x64
		{38FC410D-9DBA-4985-92CB-BA8A97E336F0}.Release|x64.Build.0 = Release|x64
		{38FC410D-9DBA-4985-92CB-BA8A97E336F0}.Release|x86.ActiveCfg = Release|Win32
		{38FC410D-9DBA-4985-92CB-BA8A97E336F0}.Release|x86.Build.0 = Release|Win32
		{B1D7637A-4580-4CD3-B52B-A3AB754ADC08}.Debug|x64.ActiveCfg = Debug|x64
		{B1D7637A-4580-4CD3-B52B-A3AB754ADC08}.Debug|x64.Build.0 = Debug|x64
		{B1D7637A-4580-4CD3-B52B-A3AB754ADC08}.Debug|x86.ActiveCfg = Debug|Win32
		{B1D7637A-4580-4CD3-B52B-A3AB754ADC08}.Debug|x86.Build.0 = Debug|Win32
		{B1D7637A-4580-4CD3-B52B-A3AB754ADC08}.Release|x64.ActiveCfg = Release|x64
		{B1D7637A-4580-4CD3-B52B-A3AB754ADC08}.Release|x64.Build.0 = Release|x64
		{B1D7637A-4580-4CD3-B52B-A3AB754ADC08}.Release|x86.ActiveCfg = Release|Win32
		{B1D7637A-4580-4CD3-B52B-A3AB754ADC08}.Release|x86.Build.0 = Release|Win32
		{E3DE9211-DCAA-4D56-A5F3-E717E0ED4017}.Debug|x64.ActiveCfg = Debug|x64
		{E3DE9211-DCAA-4D56-A5F3-E717E0ED4017}.Debug|x64.Build.0 = Debug|x64
		{E3DE9211-DCAA-4D56-A5F3-E717E0ED4017}.Debug|x86.ActiveCfg = Debug|Win32
		{E3DE9211-DCAA-4D56-A5F3-E717E0ED4017}.Debug|x86.Build.0 = Debug|Win32
		{E3DE9211-DCAA-4D56-A5F3-E717E0ED4017}.Release|x64.ActiveCfg = Release|x64
		{E3DE9211-DCAA-4D56-A5F3-E717E0ED4017}.Release|x64.Build.0 = Release|x64
		{E3DE9211-DCAA-4D56-A5F3-E717E0ED4017}.Release|x86.ActiveCfg = Release|Win32
		{E3DE9211-DCAA-4D56-A5F3-E717E0ED4017}.Release|x86.Build.0 = Release|Win32
		{0D53E7BB-7BB4-4E28-9914-EE066002A96F}.Debug|x64.ActiveCfg = Debug|x64
		{0D53E7BB-7BB4-4E28-9914-EE066002A96F}.Debug|x64.Build.0 = Debug|x64
		{0D53E7BB-7BB4-4E28-9914-EE066002A96F}.Debug|x86.ActiveCfg = Debug|Win32
		{0D53E7BB-7BB4-4E28-9914-EE066002A96F}.Debug|x86.Build.0 = Debug|Win32
		{0D53E7BB-7BB4-4E28-9914-EE066002A96F}.Release|x64.ActiveCfg = Release|x64
		{0D53E7BB-7BB4-4E28-9914-EE066002A96F}.Release|x64.Build.0 = Release|x64
		{0D53E7BB-7BB4-4E28-9914-EE066002A96F}.Release|x86.ActiveCfg = Release|Win32
		{0D53E7BB-7BB4-4E28-9914-EE066002A96F}.Release|x86.Build.0 = Release|Win32
		{8486A16D-0506-499E-B618-821EDE8D89C1}.Debug|x64.ActiveCfg = Debug|x64
		{8486A16D-0506-499E-B618-821EDE8D89C1}.Debug|x64.Build.0 = Debug|x64
		{8486A16D-0506-499E-B618-821EDE8D89C1}.Debug|x86.ActiveCfg = Debug|Win32
		{8486A16D-0506-499E-B618-821EDE8D89C1}.Debug|x86.Build.0 = Debug|Win32
		{8486A16D-0506-499E-B618-821EDE8D89C1}.Release|x64.ActiveCfg = Release|x64
		{8486A16D-0506-499E-B618-821EDE8D89C1}.Release|x64.Build.0 = Release|x64
		{8486A16D-0506-499E-B618-821EDE8D89C1}.Release|x86.ActiveCfg = Release|Win32
		{8486A16D-0506-499E-B618-821EDE8D89C1}.Release|x86.Build.0 = Release|Win32
		{18E279F4-FF28-4F76-B285-B2A58FF3C4B4}.Debug|x64.ActiveCfg = Debug|x64
		{18E279F4-FF28-4F76-B285-B2A58FF3C4B4}.Debug|x64.Build.0 = Debug|x64
		{18E279F4-FF28-4F76-B285-B2A58FF3C4B4}.Debug|x86.ActiveCfg = Debug|Win32
		{18E279F4-FF28-4F76-B285-B2A58FF3C4B4}.Debug|x86.Build.0 = Debug|Win32
		{18E279F4-FF28-4F76-B285-B2A58FF3C4B4}.Release|x64.ActiveCfg = Release|x64
		{18E279F4-FF28-4F76-B285-B2A58FF3C4B4}.Release|x64.Build.0 = Release|x64
		{18E279F4-FF28-4F76-B285-B2A58FF3C4B4}.Release|x86.ActiveCfg = Release|Win32
		{18E279F4-FF28-4F76-B285-B2A58FF3C4B4}.Release|x86.Build.0 = Release|Win32
		{0B84CC34-C384-475C-9484-0441F28F5162}.Debug|x64.ActiveCfg = Debug|x64
		{0B84CC34-C384-475C-9484-0441F28F5162}.Debug|x64.Build.0 = Debug|x64
		{0B84CC34-C384-475C-9484-0441F28F5162}.Debug|x86.ActiveCfg = Debug|Win32
		{0B84CC34-C384-475C-9484-0441F28F5162}.Debug|x86.Build.0 = Debug|Win32
		{0B84CC34-C384-475C-9484-0441F28F5162}.Release|x64.ActiveCfg = Release|x64
		{0B84CC34-C384-475C-9484-0441F28F5162}.Release|x64.Build.0 = Release|x64
		{0B84CC34-C384-475C-9484-0441F28F5162}.Release|x86.ActiveCfg = Release|Win32
		{0B84CC34-C384-475C-9484-0441F28F5162}.Release|x86.Build.0 = Release|Win32
		{FB55EB63-2DC1-4CA9-81A1-769EAFCAAAAA}.Debug|x64.ActiveCfg = Debug|x64
		{FB55EB63-2DC1-4CA9-81A1-769EAFCAAAAA}.Debug|x64.Build.0 = Debug|x64
		{FB55EB63-2DC1-4CA9-81A1-769EAFCAAAAA}.Debug|x86.ActiveCfg = Debug|Win32
		{FB55EB63-2DC1-4CA9-81A1-769EAFCAAAAA}.Debug|x86.Build.0 = Debug|Win32
		{FB55EB63-2DC1-4CA9-81A1-769EAFCAAAAA}.Release|x64.ActiveCfg = Release|x64
		{FB55EB63-2DC1-4CA9-81A1-769EAFCAAAAA}.Release|x64.Build.0 = Release|x64
		{FB55EB63-2DC1-4CA9-81A1-769EAFCAAAAA}.Release|x86.ActiveCfg = Release|Win32
		{FB55EB63-2DC1-4CA9-81A1-769EAFCAAAAA}.Release|x86.Build.0 = Release|Win32
		{D9693CD8-F094-4887-B92C-8C176308F6A7}.Debug|x64.ActiveCfg = Debug|x64
		{D9693CD8-F094-4887-B92C-8C176308F6A7}.Debug|x64.Build.0 = Debug|x64
		{D9693CD8-F094-4887-B92C-8C176308F6A7}.Debug|x86.ActiveCfg = Debug|Win32
		{D9693CD8-F094-4887-B92C-8C176308F6A7}.Debug|x86.Build.0 = Debug|Win32
		{D9693CD8-F094-4887-B92C-8C176308F6A7}.Release|x64.ActiveCfg = Release|x64
		{D9693CD8-F094-4887-B92C-8C176308F6A7}.Release|x64.Build.0 = Release|x64
		{D9693CD8-F094-4887-B92C-8C176308F6A7}.Release|x86.ActiveCfg = Release|Win32
		{D9693CD8-F094-4887-B92C-8C176308F6A7}.Release|x86.Build.0 = Release|Win32
		{3E0F6E8F-1D15-4706-9949-BB4F1A930786}.Debug|x64.ActiveCfg = Debug|x64
		{3E0F6E8F-1D15-4706-9949-BB4F1A930786}.Debug|x64.Build.0 = Debug|x64
		{3E0F6E8F-1D15-4706-9949-BB4F1A930786}.Debug|x86.ActiveCfg = Debug|Win32
		{3E0F6E8F-1D15-4706-9949-BB4F1A930786}.Debug|x86.Build.0 = Debug|Win32
		{3E0F6E8F-1D15-4706-9949-BB4F1A930786}.Release|x64.ActiveCfg = Release|x64
		{3E0F6E8F-1D15-4706-9949-BB4F1A930786}.Release|x64.Build.0 = Release|x64
		{3E0F6E8F-1D15-4706-9949-BB4F1A930786}.Release|x86.ActiveCfg = Release|Win32
		{3E0F6E8F-1D15-4706-9949-BB4F1A930786}.Release|x86.Build.0 = Release|Win32
		{F540B6BB-56F1-4249-9F5B-188AEDF95DE4}.Debug|x64.ActiveCfg = Debug|x64
		{F540B6BB-56F1-4249-9F5B-188AEDF95DE4}.Debug|x64.Build.0 = Debug|x64
		{F540B6BB-56F1-4249-9F5B-188AEDF95DE4}.Debug|x86.ActiveCfg = Debug|Win32
		{F540B6BB-56F1-4249-9F5B-188AEDF95DE4}.Debug|x86.Build.0 = Debug|Win32
		{F540B6BB-56F1-4249-9F5B-188AEDF95DE4}.Release|x64.ActiveCfg = Release|x64
		{F540B6BB-56F1-4249-9F5B-188AEDF95DE4}.Release|x64.Build.0 = Release|x64
		{F540B6BB-56F1-4249-9F5B-188AEDF95DE4}.Release|x86.ActiveCfg = Release|Win32
		{F540B6BB-56F1-4249-9F5B-188AEDF95DE4}.Release|x86.Build.0 = Release|Win32
		{18EA3FB3-551C-48EA-8B18-E5D6BF6657FA}.Debug|x64.ActiveCfg = Debug|x64
		{18EA3FB3-551C-48EA-8B18-E5D6BF6657FA}.Debug|x64.Build.0 = Debug|x64
		{18EA3FB3-551C-48EA-8B18-E5D6BF6657FA}.Debug|x86.ActiveCfg = Debug|Win32
		{18EA3FB3-551C-48EA-8B18-E5D6BF6657FA}.Debug|x86.Build.0 = Debug|Win32
		{18EA3FB3-551C-48EA-8B18-E5D6BF6657FA}.Release|x64.ActiveCfg = Release|x64
		{18EA3FB3-551C-48EA-8B18-E5D6BF6657FA}.Release|x64.Build.0 = Release|x64
		{18EA3FB3-551C-48EA-8B18-E5D6BF6657FA}.Release|x86.ActiveCfg = Release|Win32
		{18EA3FB3-551C-48EA-8B18-E5D6BF6657FA}.Release|x86.Build.0 = Release|Win32
		{C575A772-6581-4CB5-9AC8-ECC6B0872C59}.Debug|x64.ActiveCfg = Debug|x64
		{C575A772-6581-4CB5-9AC8-ECC6B0872C59}.Debug|x64.Build.0 = Debug|x64
		{C575A772-6581-4CB5-9AC8-ECC6B0872C59}.Debug|x86.ActiveCfg = Debug|Win32
		{C575A772-6581-4CB5-9AC8-ECC6B0872C59}.Debug|x86.Build.0 = Debug|Win32
		{C575A772-6581-4CB5-9AC8-ECC6B0872C59}.Release|x64.ActiveCfg = Release|x64
		{C575A772-6581-4CB5-9AC8-ECC6B0872C59}.Release|x64.Build.0 = Release|x64
		{C575A772-6581-4CB5-9AC8-ECC6B0872C59}.Release|x86.ActiveCfg = Release|Win32
		{C575A772-6581-4CB5-9AC8-ECC6B0872C59}.Release|x86.Build.0 = Release|Win32
		{EC04DF1F-DC7D-4B47-B9A2-94CC19107EA9}.Debug|x64.ActiveCfg = Release
		{EC04DF1F-DC7D-4B47-B9A2-94CC19107EA9}.Debug|x86.ActiveCfg = Release
		{EC04DF1F-DC7D-4B47-B9A2-94CC19107EA9}.Release|x64.ActiveCfg = Release
		{EC04DF1F-DC7D-4B47-B9A2-94CC19107EA9}.Release|x86.ActiveCfg = Release
		{B5E18A98-7AC8-4F71-ACD1-51098FF6D84A}.Debug|x64.ActiveCfg = Debug|x64
		{B5E18A98-7AC8-4F71-ACD1-51098FF6D84A}.Debug|x64.Build.0 = Debug|x64
		{B5E18A98-7AC8-4F71-ACD1-51098FF6D84A}.Debug|x86.ActiveCfg = Debug|Win32
		{B5E18A98-7AC8-4F71-ACD1-51098FF6D84A}.Debug|x86.Build.0 = Debug|Win32
		{B5E18A98-7AC8-4F71-ACD1-51098FF6D84A}.Release|x64.ActiveCfg = Release|x64
		{B5E18A98-7AC8-4F71-ACD1-51098FF6D84A}.Release|x64.Build.0 = Release|x64
		{B5E18A98-7AC8-4F71-ACD1-51098FF6D84A}.Release|x86.ActiveCfg = Release|Win32
		{B5E18A98-7AC8-4F71-ACD1-51098FF6D84A}.Release|x86.Build.0 = Release|Win32
		{B975C3B8-18FE-4276-AE93-DF057186DAE6}.Debug|x64.ActiveCfg = Debug|x64
		{B975C3B8-18FE-4276-AE93-DF057186DAE6}.Debug|x64.Build.0 = Debug|x64
		{B975C3B8-18FE-4276-AE93-DF057186DAE6}.Debug|x86.ActiveCfg = Debug|Win32
		{B975C3B8-18FE-4276-AE93-DF057186DAE6}.Debug|x86.Build.0 = Debug|Win32
		{B975C3B8-18FE-4276-AE93-DF057186DAE6}.Release|x64.ActiveCfg = Release|x64
		{B975C3B8-18FE-4276-AE93-DF057186DAE6}.Release|x64.Build.0 = Release|x64
		{B975C3B8-18FE-4276-AE93-DF057186DAE6}.Release|x86.ActiveCfg = Release|Win32
		{B975C3B8-18FE-4276-AE93-DF057186DAE6}.Release|x86.Build.0 = Release|Win32
		{4DD0A797-6917-42ED-88D0-75DD5C181F9C}.Debug|x64.ActiveCfg = Debug|x64
		{4DD0A797-6917-42ED-88D0-75DD5C181F9C}.Debug|x64.Build.0 = Debug|x64
		{4DD0A797-6917-42ED-88D0-75DD5C181F9C}.Debug|x86.ActiveCfg = Debug|Win32
		{4DD0A797-6917-42ED-88D0-75DD5C181F9C}.Debug|x86.Build.0 = Debug|Win32
		{4DD0A797-6917-42ED-88D0-75DD5C181F9C}.Release|x64.ActiveCfg = Release|x64
		{4DD0A797-6917-42ED-88D0-75DD5C181F9C}.Release|x64.Build.0 = Release|x64
		{4DD0A797-6917-42ED-88D0-75DD5C181F9C}.Release|x86.ActiveCfg = Release|Win32
		{4DD0A797-6917-42ED-88D0-75DD5C181F9C}.Release|x86.Build.0 = Release|Win32
		{AF4E280B-4B20-492D-A8EB-72520FD740D3}.Debug|x64.ActiveCfg = Debug|x64
		{AF4E280B-4B20-492D-A8EB-72520FD740D3}.Debug|x64.Build.0 = Debug|x64
		{AF4E280B-4B20-492D-A8EB-72520FD740D3}.Debug|x86.ActiveCfg = Debug|Win32
		{AF4E280B-4B20-492D-A8EB-72520FD740D3}.Debug|x86.Build.0 = Debug|Win32
		{AF4E280B-4B20-492D-A8EB-72520FD740D3}.Release|x64.ActiveCfg = Release|x64
		{AF4E280B-4B20-492D-A8EB-72520FD740D3}.Release|x64.Build.0 = Release|x64
		{AF4E280B-4B20-492D-A8EB-72520FD740D3}.Release|x86.ActiveCfg = Release|Win32
		{AF4E280B-4B20-492D-A8EB-72520FD740D3}.Release|x86.Build.0 = Release|Win32
		{497A7969-17AE-4427-926F-C5819680C9A6}.Debug|x64.ActiveCfg = Debug|x64
		{497A7969-17AE-4427-926F-C5819680C9A6}.Debug|x64.Build.0 = Debug|x64
		{497A7969-17AE-4427-926F-C5819680C9A6}.Debug|x86.ActiveCfg = Debug|Win32
		{497A7969-17AE-4427-926F-C5819680C9A6}.Debug|x86.Build.0 = Debug|Win32
		{497A7969-17AE-4427-926F-C5819680C9A6}.Release|x64.ActiveCfg = Release|x64
		{497A7969-17AE-4427-926F-C5819680C9A6}.Release|x64.Build.0 = Release|x64
		{497A7969-17AE-4427-926F-C5819680C9A6}.Release|x86.ActiveCfg = Release|Win32
		{497A7969-17AE-4427-926F-C5819680C9A6}.Release|x86.Build.0 = Release|Win32
	EndGlobalSection
	GlobalSection(SolutionProperties) = preSolution
		HideSolutionNode = FALSE
	EndGlobalSection
	GlobalSection(ExtensibilityGlobals) = postSolution
		SolutionGuid = {D1A50EA4-C4E3-43A5-A1A5-474D3A817800}
	EndGlobalSection
EndGlobal
