
Microsoft Visual Studio Solution File, Format Version 12.00
# Visual Studio Version 17
VisualStudioVersion = 17.2.32616.157
MinimumVisualStudioVersion = 10.0.40219.1
Project("{8BC9CEB8-8B4A-11D0-8D11-00A0C91BC942}") = "PPO", "PPO.vcxproj", "{752E860F-435C-44ED-B665-016BF972C629}"
EndProject
Project("{8BC9CEB8-8B4A-11D0-8D11-00A0C91BC942}") = "Linked List", "..\Linked List\Linked List.vcxproj", "{E0B128F7-67EB-49AC-91F0-9C59B115F794}"
EndProject
Project("{8BC9CEB8-8B4A-11D0-8D11-00A0C91BC942}") = "Template", "..\Template\Template.vcxproj", "{EDEC8CA8-5AF8-436B-8B93-2E78D43227A3}"
EndProject
Project("{8BC9CEB8-8B4A-11D0-8D11-00A0C91BC942}") = "TradPPO", "..\TradPPO\TradPPO.vcxproj", "{C575A772-6581-4CB5-9AC8-ECC6B0872C59}"
EndProject
Project("{8BC9CEB8-8B4A-11D0-8D11-00A0C91BC942}") = "Corection ex_06_10_2022", "..\Corection ex_06_10_2022\Corection ex_06_10_2022.vcxproj", "{B975C3B8-18FE-4276-AE93-DF057186DAE6}"
EndProject
Project("{8BC9CEB8-8B4A-11D0-8D11-00A0C91BC942}") = "CleanCours", "..\CleanCours\CleanCours.vcxproj", "{18EA3FB3-551C-48EA-8B18-E5D6BF6657FA}"
EndProject
Project("{8BC9CEB8-8B4A-11D0-8D11-00A0C91BC942}") = "Correction LikedList", "..\Correction LikedList\Correction LikedList.vcxproj", "{497A7969-17AE-4427-926F-C5819680C9A6}"
EndProject
Project("{8BC9CEB8-8B4A-11D0-8D11-00A0C91BC942}") = "Ex_06_10_2022", "..\Ex_06_10_2022\Ex_06_10_2022.vcxproj", "{B5E18A98-7AC8-4F71-ACD1-51098FF6D84A}"
EndProject
Project("{8BC9CEB8-8B4A-11D0-8D11-00A0C91BC942}") = "ListPPO", "..\ListPPO\ListPPO.vcxproj", "{F540B6BB-56F1-4249-9F5B-188AEDF95DE4}"
EndProject
Project("{8BC9CEB8-8B4A-11D0-8D11-00A0C91BC942}") = "LinkedList(partThree)", "..\LinkedList(partThree)\LinkedList(partThree).vcxproj", "{EBC7F352-A1AA-4DA9-B9A1-E7AF9A11DF10}"
EndProject
Project("{8BC9CEB8-8B4A-11D0-8D11-00A0C91BC942}") = "ListCorrection", "..\ListCorrection\ListCorrection.vcxproj", "{F4E94D6C-1422-46A4-B92C-D7541BF92A82}"
EndProject
Project("{8BC9CEB8-8B4A-11D0-8D11-00A0C91BC942}") = "RPG", "..\RPG\RPG.vcxproj", "{3E0F6E8F-1D15-4706-9949-BB4F1A930786}"
EndProject
Project("{8BC9CEB8-8B4A-11D0-8D11-00A0C91BC942}") = "ReList_10_10_2022", "..\ReList_10_10_2022\ReList_10_10_2022.vcxproj", "{DFD960AD-466B-47B3-AF4B-78857F432B0D}"
EndProject
Project("{8BC9CEB8-8B4A-11D0-8D11-00A0C91BC942}") = "ExoOfTheDead", "..\ExoOfTheDead\ExoOfTheDead.vcxproj", "{DA78194B-92D7-42A3-87D3-D193F9C5DD88}"
EndProject
Global
	GlobalSection(SolutionConfigurationPlatforms) = preSolution
		Debug|x64 = Debug|x64
		Debug|x86 = Debug|x86
		Release|x64 = Release|x64
		Release|x86 = Release|x86
	EndGlobalSection
	GlobalSection(ProjectConfigurationPlatforms) = postSolution
		{752E860F-435C-44ED-B665-016BF972C629}.Debug|x64.ActiveCfg = Debug|x64
		{752E860F-435C-44ED-B665-016BF972C629}.Debug|x64.Build.0 = Debug|x64
		{752E860F-435C-44ED-B665-016BF972C629}.Debug|x86.ActiveCfg = Debug|Win32
		{752E860F-435C-44ED-B665-016BF972C629}.Debug|x86.Build.0 = Debug|Win32
		{752E860F-435C-44ED-B665-016BF972C629}.Release|x64.ActiveCfg = Release|x64
		{752E860F-435C-44ED-B665-016BF972C629}.Release|x64.Build.0 = Release|x64
		{752E860F-435C-44ED-B665-016BF972C629}.Release|x86.ActiveCfg = Release|Win32
		{752E860F-435C-44ED-B665-016BF972C629}.Release|x86.Build.0 = Release|Win32
		{E0B128F7-67EB-49AC-91F0-9C59B115F794}.Debug|x64.ActiveCfg = Debug|x64
		{E0B128F7-67EB-49AC-91F0-9C59B115F794}.Debug|x64.Build.0 = Debug|x64
		{E0B128F7-67EB-49AC-91F0-9C59B115F794}.Debug|x86.ActiveCfg = Debug|Win32
		{E0B128F7-67EB-49AC-91F0-9C59B115F794}.Debug|x86.Build.0 = Debug|Win32
		{E0B128F7-67EB-49AC-91F0-9C59B115F794}.Release|x64.ActiveCfg = Release|x64
		{E0B128F7-67EB-49AC-91F0-9C59B115F794}.Release|x64.Build.0 = Release|x64
		{E0B128F7-67EB-49AC-91F0-9C59B115F794}.Release|x86.ActiveCfg = Release|Win32
		{E0B128F7-67EB-49AC-91F0-9C59B115F794}.Release|x86.Build.0 = Release|Win32
		{EDEC8CA8-5AF8-436B-8B93-2E78D43227A3}.Debug|x64.ActiveCfg = Debug|x64
		{EDEC8CA8-5AF8-436B-8B93-2E78D43227A3}.Debug|x64.Build.0 = Debug|x64
		{EDEC8CA8-5AF8-436B-8B93-2E78D43227A3}.Debug|x86.ActiveCfg = Debug|Win32
		{EDEC8CA8-5AF8-436B-8B93-2E78D43227A3}.Debug|x86.Build.0 = Debug|Win32
		{EDEC8CA8-5AF8-436B-8B93-2E78D43227A3}.Release|x64.ActiveCfg = Release|x64
		{EDEC8CA8-5AF8-436B-8B93-2E78D43227A3}.Release|x64.Build.0 = Release|x64
		{EDEC8CA8-5AF8-436B-8B93-2E78D43227A3}.Release|x86.ActiveCfg = Release|Win32
		{EDEC8CA8-5AF8-436B-8B93-2E78D43227A3}.Release|x86.Build.0 = Release|Win32
		{C575A772-6581-4CB5-9AC8-ECC6B0872C59}.Debug|x64.ActiveCfg = Debug|x64
		{C575A772-6581-4CB5-9AC8-ECC6B0872C59}.Debug|x64.Build.0 = Debug|x64
		{C575A772-6581-4CB5-9AC8-ECC6B0872C59}.Debug|x86.ActiveCfg = Debug|Win32
		{C575A772-6581-4CB5-9AC8-ECC6B0872C59}.Debug|x86.Build.0 = Debug|Win32
		{C575A772-6581-4CB5-9AC8-ECC6B0872C59}.Release|x64.ActiveCfg = Release|x64
		{C575A772-6581-4CB5-9AC8-ECC6B0872C59}.Release|x64.Build.0 = Release|x64
		{C575A772-6581-4CB5-9AC8-ECC6B0872C59}.Release|x86.ActiveCfg = Release|Win32
		{C575A772-6581-4CB5-9AC8-ECC6B0872C59}.Release|x86.Build.0 = Release|Win32
		{B975C3B8-18FE-4276-AE93-DF057186DAE6}.Debug|x64.ActiveCfg = Debug|x64
		{B975C3B8-18FE-4276-AE93-DF057186DAE6}.Debug|x64.Build.0 = Debug|x64
		{B975C3B8-18FE-4276-AE93-DF057186DAE6}.Debug|x86.ActiveCfg = Debug|Win32
		{B975C3B8-18FE-4276-AE93-DF057186DAE6}.Debug|x86.Build.0 = Debug|Win32
		{B975C3B8-18FE-4276-AE93-DF057186DAE6}.Release|x64.ActiveCfg = Release|x64
		{B975C3B8-18FE-4276-AE93-DF057186DAE6}.Release|x64.Build.0 = Release|x64
		{B975C3B8-18FE-4276-AE93-DF057186DAE6}.Release|x86.ActiveCfg = Release|Win32
		{B975C3B8-18FE-4276-AE93-DF057186DAE6}.Release|x86.Build.0 = Release|Win32
		{18EA3FB3-551C-48EA-8B18-E5D6BF6657FA}.Debug|x64.ActiveCfg = Debug|x64
		{18EA3FB3-551C-48EA-8B18-E5D6BF6657FA}.Debug|x64.Build.0 = Debug|x64
		{18EA3FB3-551C-48EA-8B18-E5D6BF6657FA}.Debug|x86.ActiveCfg = Debug|Win32
		{18EA3FB3-551C-48EA-8B18-E5D6BF6657FA}.Debug|x86.Build.0 = Debug|Win32
		{18EA3FB3-551C-48EA-8B18-E5D6BF6657FA}.Release|x64.ActiveCfg = Release|x64
		{18EA3FB3-551C-48EA-8B18-E5D6BF6657FA}.Release|x64.Build.0 = Release|x64
		{18EA3FB3-551C-48EA-8B18-E5D6BF6657FA}.Release|x86.ActiveCfg = Release|Win32
		{18EA3FB3-551C-48EA-8B18-E5D6BF6657FA}.Release|x86.Build.0 = Release|Win32
		{497A7969-17AE-4427-926F-C5819680C9A6}.Debug|x64.ActiveCfg = Debug|x64
		{497A7969-17AE-4427-926F-C5819680C9A6}.Debug|x64.Build.0 = Debug|x64
		{497A7969-17AE-4427-926F-C5819680C9A6}.Debug|x86.ActiveCfg = Debug|Win32
		{497A7969-17AE-4427-926F-C5819680C9A6}.Debug|x86.Build.0 = Debug|Win32
		{497A7969-17AE-4427-926F-C5819680C9A6}.Release|x64.ActiveCfg = Release|x64
		{497A7969-17AE-4427-926F-C5819680C9A6}.Release|x64.Build.0 = Release|x64
		{497A7969-17AE-4427-926F-C5819680C9A6}.Release|x86.ActiveCfg = Release|Win32
		{497A7969-17AE-4427-926F-C5819680C9A6}.Release|x86.Build.0 = Release|Win32
		{B5E18A98-7AC8-4F71-ACD1-51098FF6D84A}.Debug|x64.ActiveCfg = Debug|x64
		{B5E18A98-7AC8-4F71-ACD1-51098FF6D84A}.Debug|x64.Build.0 = Debug|x64
		{B5E18A98-7AC8-4F71-ACD1-51098FF6D84A}.Debug|x86.ActiveCfg = Debug|Win32
		{B5E18A98-7AC8-4F71-ACD1-51098FF6D84A}.Debug|x86.Build.0 = Debug|Win32
		{B5E18A98-7AC8-4F71-ACD1-51098FF6D84A}.Release|x64.ActiveCfg = Release|x64
		{B5E18A98-7AC8-4F71-ACD1-51098FF6D84A}.Release|x64.Build.0 = Release|x64
		{B5E18A98-7AC8-4F71-ACD1-51098FF6D84A}.Release|x86.ActiveCfg = Release|Win32
		{B5E18A98-7AC8-4F71-ACD1-51098FF6D84A}.Release|x86.Build.0 = Release|Win32
		{F540B6BB-56F1-4249-9F5B-188AEDF95DE4}.Debug|x64.ActiveCfg = Debug|x64
		{F540B6BB-56F1-4249-9F5B-188AEDF95DE4}.Debug|x64.Build.0 = Debug|x64
		{F540B6BB-56F1-4249-9F5B-188AEDF95DE4}.Debug|x86.ActiveCfg = Debug|Win32
		{F540B6BB-56F1-4249-9F5B-188AEDF95DE4}.Debug|x86.Build.0 = Debug|Win32
		{F540B6BB-56F1-4249-9F5B-188AEDF95DE4}.Release|x64.ActiveCfg = Release|x64
		{F540B6BB-56F1-4249-9F5B-188AEDF95DE4}.Release|x64.Build.0 = Release|x64
		{F540B6BB-56F1-4249-9F5B-188AEDF95DE4}.Release|x86.ActiveCfg = Release|Win32
		{F540B6BB-56F1-4249-9F5B-188AEDF95DE4}.Release|x86.Build.0 = Release|Win32
		{EBC7F352-A1AA-4DA9-B9A1-E7AF9A11DF10}.Debug|x64.ActiveCfg = Debug|x64
		{EBC7F352-A1AA-4DA9-B9A1-E7AF9A11DF10}.Debug|x64.Build.0 = Debug|x64
		{EBC7F352-A1AA-4DA9-B9A1-E7AF9A11DF10}.Debug|x86.ActiveCfg = Debug|Win32
		{EBC7F352-A1AA-4DA9-B9A1-E7AF9A11DF10}.Debug|x86.Build.0 = Debug|Win32
		{EBC7F352-A1AA-4DA9-B9A1-E7AF9A11DF10}.Release|x64.ActiveCfg = Release|x64
		{EBC7F352-A1AA-4DA9-B9A1-E7AF9A11DF10}.Release|x64.Build.0 = Release|x64
		{EBC7F352-A1AA-4DA9-B9A1-E7AF9A11DF10}.Release|x86.ActiveCfg = Release|Win32
		{EBC7F352-A1AA-4DA9-B9A1-E7AF9A11DF10}.Release|x86.Build.0 = Release|Win32
		{F4E94D6C-1422-46A4-B92C-D7541BF92A82}.Debug|x64.ActiveCfg = Debug|x64
		{F4E94D6C-1422-46A4-B92C-D7541BF92A82}.Debug|x64.Build.0 = Debug|x64
		{F4E94D6C-1422-46A4-B92C-D7541BF92A82}.Debug|x86.ActiveCfg = Debug|Win32
		{F4E94D6C-1422-46A4-B92C-D7541BF92A82}.Debug|x86.Build.0 = Debug|Win32
		{F4E94D6C-1422-46A4-B92C-D7541BF92A82}.Release|x64.ActiveCfg = Release|x64
		{F4E94D6C-1422-46A4-B92C-D7541BF92A82}.Release|x64.Build.0 = Release|x64
		{F4E94D6C-1422-46A4-B92C-D7541BF92A82}.Release|x86.ActiveCfg = Release|Win32
		{F4E94D6C-1422-46A4-B92C-D7541BF92A82}.Release|x86.Build.0 = Release|Win32
		{3E0F6E8F-1D15-4706-9949-BB4F1A930786}.Debug|x64.ActiveCfg = Debug|x64
		{3E0F6E8F-1D15-4706-9949-BB4F1A930786}.Debug|x64.Build.0 = Debug|x64
		{3E0F6E8F-1D15-4706-9949-BB4F1A930786}.Debug|x86.ActiveCfg = Debug|Win32
		{3E0F6E8F-1D15-4706-9949-BB4F1A930786}.Debug|x86.Build.0 = Debug|Win32
		{3E0F6E8F-1D15-4706-9949-BB4F1A930786}.Release|x64.ActiveCfg = Release|x64
		{3E0F6E8F-1D15-4706-9949-BB4F1A930786}.Release|x64.Build.0 = Release|x64
		{3E0F6E8F-1D15-4706-9949-BB4F1A930786}.Release|x86.ActiveCfg = Release|Win32
		{3E0F6E8F-1D15-4706-9949-BB4F1A930786}.Release|x86.Build.0 = Release|Win32
		{DFD960AD-466B-47B3-AF4B-78857F432B0D}.Debug|x64.ActiveCfg = Debug|x64
		{DFD960AD-466B-47B3-AF4B-78857F432B0D}.Debug|x64.Build.0 = Debug|x64
		{DFD960AD-466B-47B3-AF4B-78857F432B0D}.Debug|x86.ActiveCfg = Debug|Win32
		{DFD960AD-466B-47B3-AF4B-78857F432B0D}.Debug|x86.Build.0 = Debug|Win32
		{DFD960AD-466B-47B3-AF4B-78857F432B0D}.Release|x64.ActiveCfg = Release|x64
		{DFD960AD-466B-47B3-AF4B-78857F432B0D}.Release|x64.Build.0 = Release|x64
		{DFD960AD-466B-47B3-AF4B-78857F432B0D}.Release|x86.ActiveCfg = Release|Win32
		{DFD960AD-466B-47B3-AF4B-78857F432B0D}.Release|x86.Build.0 = Release|Win32
		{DA78194B-92D7-42A3-87D3-D193F9C5DD88}.Debug|x64.ActiveCfg = Debug|x64
		{DA78194B-92D7-42A3-87D3-D193F9C5DD88}.Debug|x64.Build.0 = Debug|x64
		{DA78194B-92D7-42A3-87D3-D193F9C5DD88}.Debug|x86.ActiveCfg = Debug|Win32
		{DA78194B-92D7-42A3-87D3-D193F9C5DD88}.Debug|x86.Build.0 = Debug|Win32
		{DA78194B-92D7-42A3-87D3-D193F9C5DD88}.Release|x64.ActiveCfg = Release|x64
		{DA78194B-92D7-42A3-87D3-D193F9C5DD88}.Release|x64.Build.0 = Release|x64
		{DA78194B-92D7-42A3-87D3-D193F9C5DD88}.Release|x86.ActiveCfg = Release|Win32
		{DA78194B-92D7-42A3-87D3-D193F9C5DD88}.Release|x86.Build.0 = Release|Win32
	EndGlobalSection
	GlobalSection(SolutionProperties) = preSolution
		HideSolutionNode = FALSE
	EndGlobalSection
	GlobalSection(ExtensibilityGlobals) = postSolution
		SolutionGuid = {C2008653-7886-4067-A133-8ACF15883D0B}
	EndGlobalSection
EndGlobal
