
Microsoft Visual Studio Solution File, Format Version 12.00
# Visual Studio Version 17
VisualStudioVersion = 17.2.32616.157
MinimumVisualStudioVersion = 10.0.40219.1
Project("{8BC9CEB8-8B4A-11D0-8D11-00A0C91BC942}") = "Exo", "Exo.vcxproj", "{2456B0D0-B241-4268-8A52-FE02CD92FC42}"
EndProject
Project("{8BC9CEB8-8B4A-11D0-8D11-00A0C91BC942}") = "MoveZeros", "Daily Problem\MoveZeros\MoveZeros.vcxproj", "{A9848085-1A61-48FD-9843-0B72ABD1EB9F}"
EndProject
Project("{8BC9CEB8-8B4A-11D0-8D11-00A0C91BC942}") = "Sort", "Daily Problem\Sort\Sort.vcxproj", "{9620DB83-5907-4352-BAFA-C3352DCB5ED4}"
EndProject
Project("{8BC9CEB8-8B4A-11D0-8D11-00A0C91BC942}") = "SpiralTraversalOfGrid", "Daily Problem\SpiralTraversalOfGrid\SpiralTraversalOfGrid.vcxproj", "{2B871251-A5C1-4B5B-A9DC-FCDC060096FA}"
EndProject
Project("{8BC9CEB8-8B4A-11D0-8D11-00A0C91BC942}") = "ContiguousSubarrayWithMaximumSum", "Daily Problem\ContiguousSubarrayWithMaximumSum\ContiguousSubarrayWithMaximumSum.vcxproj", "{96A83990-4C0E-4FAE-9367-6AFE0F2412DD}"
EndProject
Project("{8BC9CEB8-8B4A-11D0-8D11-00A0C91BC942}") = "Hash Table", "Exercice\Hash Table\Hash Table.vcxproj", "{294D4693-E0EC-4416-B9B4-8EAE9A64BB26}"
EndProject
Project("{8BC9CEB8-8B4A-11D0-8D11-00A0C91BC942}") = "Two-Sum", "Daily Problem\Two-Sum\Two-Sum.vcxproj", "{78F5360A-46F7-4393-AEF1-7418F93329C7}"
EndProject
Project("{8BC9CEB8-8B4A-11D0-8D11-00A0C91BC942}") = "ListWith3UniqueNumbers", "Daily Problem\ListWith3UniqueNumbers\ListWith3UniqueNumbers.vcxproj", "{D92FE4B8-7EA5-4A2D-8687-CA047732F14B}"
EndProject
Project("{8BC9CEB8-8B4A-11D0-8D11-00A0C91BC942}") = "3Sum", "Daily Problem\3Sum\3Sum.vcxproj", "{A58FAD64-1FC5-4364-BD5F-3E82B11E3117}"
EndProject
Project("{8BC9CEB8-8B4A-11D0-8D11-00A0C91BC942}") = "FindTheNonDuplicateNumber", "Daily Problem\FindTheNonDuplicateNumber\FindTheNonDuplicateNumber.vcxproj", "{66E2A1EA-EBF4-4509-AF98-A8BBAE2D9E8F}"
EndProject
Project("{8BC9CEB8-8B4A-11D0-8D11-00A0C91BC942}") = "ReverseWordsinAString", "Daily Problem\ReverseWordsinAString\ReverseWordsinAString.vcxproj", "{2F4FB0C1-083B-46A8-8FAC-D38DBAE202F4}"
EndProject
Project("{8BC9CEB8-8B4A-11D0-8D11-00A0C91BC942}") = "AnglesOfAClock", "Daily Problem\AnglesOfAClock\AnglesOfAClock.vcxproj", "{13E1668B-A9A7-4F45-94D9-0517956293D0}"
EndProject
Project("{8BC9CEB8-8B4A-11D0-8D11-00A0C91BC942}") = "Find the Single Element in an Array of Duplicates", "..\Find the Single Element in an Array of Duplicates\Find the Single Element in an Array of Duplicates.vcxproj", "{A4D24DB5-6975-4839-A90F-2EC00CAFE1F7}"
EndProject
Global
	GlobalSection(SolutionConfigurationPlatforms) = preSolution
		Debug|x64 = Debug|x64
		Debug|x86 = Debug|x86
		Release|x64 = Release|x64
		Release|x86 = Release|x86
	EndGlobalSection
	GlobalSection(ProjectConfigurationPlatforms) = postSolution
		{2456B0D0-B241-4268-8A52-FE02CD92FC42}.Debug|x64.ActiveCfg = Debug|x64
		{2456B0D0-B241-4268-8A52-FE02CD92FC42}.Debug|x64.Build.0 = Debug|x64
		{2456B0D0-B241-4268-8A52-FE02CD92FC42}.Debug|x86.ActiveCfg = Debug|Win32
		{2456B0D0-B241-4268-8A52-FE02CD92FC42}.Debug|x86.Build.0 = Debug|Win32
		{2456B0D0-B241-4268-8A52-FE02CD92FC42}.Release|x64.ActiveCfg = Release|x64
		{2456B0D0-B241-4268-8A52-FE02CD92FC42}.Release|x64.Build.0 = Release|x64
		{2456B0D0-B241-4268-8A52-FE02CD92FC42}.Release|x86.ActiveCfg = Release|Win32
		{2456B0D0-B241-4268-8A52-FE02CD92FC42}.Release|x86.Build.0 = Release|Win32
		{A9848085-1A61-48FD-9843-0B72ABD1EB9F}.Debug|x64.ActiveCfg = Debug|x64
		{A9848085-1A61-48FD-9843-0B72ABD1EB9F}.Debug|x64.Build.0 = Debug|x64
		{A9848085-1A61-48FD-9843-0B72ABD1EB9F}.Debug|x86.ActiveCfg = Debug|Win32
		{A9848085-1A61-48FD-9843-0B72ABD1EB9F}.Debug|x86.Build.0 = Debug|Win32
		{A9848085-1A61-48FD-9843-0B72ABD1EB9F}.Release|x64.ActiveCfg = Release|x64
		{A9848085-1A61-48FD-9843-0B72ABD1EB9F}.Release|x64.Build.0 = Release|x64
		{A9848085-1A61-48FD-9843-0B72ABD1EB9F}.Release|x86.ActiveCfg = Release|Win32
		{A9848085-1A61-48FD-9843-0B72ABD1EB9F}.Release|x86.Build.0 = Release|Win32
		{9620DB83-5907-4352-BAFA-C3352DCB5ED4}.Debug|x64.ActiveCfg = Debug|x64
		{9620DB83-5907-4352-BAFA-C3352DCB5ED4}.Debug|x64.Build.0 = Debug|x64
		{9620DB83-5907-4352-BAFA-C3352DCB5ED4}.Debug|x86.ActiveCfg = Debug|Win32
		{9620DB83-5907-4352-BAFA-C3352DCB5ED4}.Debug|x86.Build.0 = Debug|Win32
		{9620DB83-5907-4352-BAFA-C3352DCB5ED4}.Release|x64.ActiveCfg = Release|x64
		{9620DB83-5907-4352-BAFA-C3352DCB5ED4}.Release|x64.Build.0 = Release|x64
		{9620DB83-5907-4352-BAFA-C3352DCB5ED4}.Release|x86.ActiveCfg = Release|Win32
		{9620DB83-5907-4352-BAFA-C3352DCB5ED4}.Release|x86.Build.0 = Release|Win32
		{2B871251-A5C1-4B5B-A9DC-FCDC060096FA}.Debug|x64.ActiveCfg = Debug|x64
		{2B871251-A5C1-4B5B-A9DC-FCDC060096FA}.Debug|x64.Build.0 = Debug|x64
		{2B871251-A5C1-4B5B-A9DC-FCDC060096FA}.Debug|x86.ActiveCfg = Debug|Win32
		{2B871251-A5C1-4B5B-A9DC-FCDC060096FA}.Debug|x86.Build.0 = Debug|Win32
		{2B871251-A5C1-4B5B-A9DC-FCDC060096FA}.Release|x64.ActiveCfg = Release|x64
		{2B871251-A5C1-4B5B-A9DC-FCDC060096FA}.Release|x64.Build.0 = Release|x64
		{2B871251-A5C1-4B5B-A9DC-FCDC060096FA}.Release|x86.ActiveCfg = Release|Win32
		{2B871251-A5C1-4B5B-A9DC-FCDC060096FA}.Release|x86.Build.0 = Release|Win32
		{96A83990-4C0E-4FAE-9367-6AFE0F2412DD}.Debug|x64.ActiveCfg = Debug|x64
		{96A83990-4C0E-4FAE-9367-6AFE0F2412DD}.Debug|x64.Build.0 = Debug|x64
		{96A83990-4C0E-4FAE-9367-6AFE0F2412DD}.Debug|x86.ActiveCfg = Debug|Win32
		{96A83990-4C0E-4FAE-9367-6AFE0F2412DD}.Debug|x86.Build.0 = Debug|Win32
		{96A83990-4C0E-4FAE-9367-6AFE0F2412DD}.Release|x64.ActiveCfg = Release|x64
		{96A83990-4C0E-4FAE-9367-6AFE0F2412DD}.Release|x64.Build.0 = Release|x64
		{96A83990-4C0E-4FAE-9367-6AFE0F2412DD}.Release|x86.ActiveCfg = Release|Win32
		{96A83990-4C0E-4FAE-9367-6AFE0F2412DD}.Release|x86.Build.0 = Release|Win32
		{294D4693-E0EC-4416-B9B4-8EAE9A64BB26}.Debug|x64.ActiveCfg = Debug|x64
		{294D4693-E0EC-4416-B9B4-8EAE9A64BB26}.Debug|x64.Build.0 = Debug|x64
		{294D4693-E0EC-4416-B9B4-8EAE9A64BB26}.Debug|x86.ActiveCfg = Debug|Win32
		{294D4693-E0EC-4416-B9B4-8EAE9A64BB26}.Debug|x86.Build.0 = Debug|Win32
		{294D4693-E0EC-4416-B9B4-8EAE9A64BB26}.Release|x64.ActiveCfg = Release|x64
		{294D4693-E0EC-4416-B9B4-8EAE9A64BB26}.Release|x64.Build.0 = Release|x64
		{294D4693-E0EC-4416-B9B4-8EAE9A64BB26}.Release|x86.ActiveCfg = Release|Win32
		{294D4693-E0EC-4416-B9B4-8EAE9A64BB26}.Release|x86.Build.0 = Release|Win32
		{78F5360A-46F7-4393-AEF1-7418F93329C7}.Debug|x64.ActiveCfg = Debug|x64
		{78F5360A-46F7-4393-AEF1-7418F93329C7}.Debug|x64.Build.0 = Debug|x64
		{78F5360A-46F7-4393-AEF1-7418F93329C7}.Debug|x86.ActiveCfg = Debug|Win32
		{78F5360A-46F7-4393-AEF1-7418F93329C7}.Debug|x86.Build.0 = Debug|Win32
		{78F5360A-46F7-4393-AEF1-7418F93329C7}.Release|x64.ActiveCfg = Release|x64
		{78F5360A-46F7-4393-AEF1-7418F93329C7}.Release|x64.Build.0 = Release|x64
		{78F5360A-46F7-4393-AEF1-7418F93329C7}.Release|x86.ActiveCfg = Release|Win32
		{78F5360A-46F7-4393-AEF1-7418F93329C7}.Release|x86.Build.0 = Release|Win32
		{D92FE4B8-7EA5-4A2D-8687-CA047732F14B}.Debug|x64.ActiveCfg = Debug|x64
		{D92FE4B8-7EA5-4A2D-8687-CA047732F14B}.Debug|x64.Build.0 = Debug|x64
		{D92FE4B8-7EA5-4A2D-8687-CA047732F14B}.Debug|x86.ActiveCfg = Debug|Win32
		{D92FE4B8-7EA5-4A2D-8687-CA047732F14B}.Debug|x86.Build.0 = Debug|Win32
		{D92FE4B8-7EA5-4A2D-8687-CA047732F14B}.Release|x64.ActiveCfg = Release|x64
		{D92FE4B8-7EA5-4A2D-8687-CA047732F14B}.Release|x64.Build.0 = Release|x64
		{D92FE4B8-7EA5-4A2D-8687-CA047732F14B}.Release|x86.ActiveCfg = Release|Win32
		{D92FE4B8-7EA5-4A2D-8687-CA047732F14B}.Release|x86.Build.0 = Release|Win32
		{A58FAD64-1FC5-4364-BD5F-3E82B11E3117}.Debug|x64.ActiveCfg = Debug|x64
		{A58FAD64-1FC5-4364-BD5F-3E82B11E3117}.Debug|x64.Build.0 = Debug|x64
		{A58FAD64-1FC5-4364-BD5F-3E82B11E3117}.Debug|x86.ActiveCfg = Debug|Win32
		{A58FAD64-1FC5-4364-BD5F-3E82B11E3117}.Debug|x86.Build.0 = Debug|Win32
		{A58FAD64-1FC5-4364-BD5F-3E82B11E3117}.Release|x64.ActiveCfg = Release|x64
		{A58FAD64-1FC5-4364-BD5F-3E82B11E3117}.Release|x64.Build.0 = Release|x64
		{A58FAD64-1FC5-4364-BD5F-3E82B11E3117}.Release|x86.ActiveCfg = Release|Win32
		{A58FAD64-1FC5-4364-BD5F-3E82B11E3117}.Release|x86.Build.0 = Release|Win32
		{66E2A1EA-EBF4-4509-AF98-A8BBAE2D9E8F}.Debug|x64.ActiveCfg = Debug|x64
		{66E2A1EA-EBF4-4509-AF98-A8BBAE2D9E8F}.Debug|x64.Build.0 = Debug|x64
		{66E2A1EA-EBF4-4509-AF98-A8BBAE2D9E8F}.Debug|x86.ActiveCfg = Debug|Win32
		{66E2A1EA-EBF4-4509-AF98-A8BBAE2D9E8F}.Debug|x86.Build.0 = Debug|Win32
		{66E2A1EA-EBF4-4509-AF98-A8BBAE2D9E8F}.Release|x64.ActiveCfg = Release|x64
		{66E2A1EA-EBF4-4509-AF98-A8BBAE2D9E8F}.Release|x64.Build.0 = Release|x64
		{66E2A1EA-EBF4-4509-AF98-A8BBAE2D9E8F}.Release|x86.ActiveCfg = Release|Win32
		{66E2A1EA-EBF4-4509-AF98-A8BBAE2D9E8F}.Release|x86.Build.0 = Release|Win32
		{2F4FB0C1-083B-46A8-8FAC-D38DBAE202F4}.Debug|x64.ActiveCfg = Debug|x64
		{2F4FB0C1-083B-46A8-8FAC-D38DBAE202F4}.Debug|x64.Build.0 = Debug|x64
		{2F4FB0C1-083B-46A8-8FAC-D38DBAE202F4}.Debug|x86.ActiveCfg = Debug|Win32
		{2F4FB0C1-083B-46A8-8FAC-D38DBAE202F4}.Debug|x86.Build.0 = Debug|Win32
		{2F4FB0C1-083B-46A8-8FAC-D38DBAE202F4}.Release|x64.ActiveCfg = Release|x64
		{2F4FB0C1-083B-46A8-8FAC-D38DBAE202F4}.Release|x64.Build.0 = Release|x64
		{2F4FB0C1-083B-46A8-8FAC-D38DBAE202F4}.Release|x86.ActiveCfg = Release|Win32
		{2F4FB0C1-083B-46A8-8FAC-D38DBAE202F4}.Release|x86.Build.0 = Release|Win32
		{13E1668B-A9A7-4F45-94D9-0517956293D0}.Debug|x64.ActiveCfg = Debug|x64
		{13E1668B-A9A7-4F45-94D9-0517956293D0}.Debug|x64.Build.0 = Debug|x64
		{13E1668B-A9A7-4F45-94D9-0517956293D0}.Debug|x86.ActiveCfg = Debug|Win32
		{13E1668B-A9A7-4F45-94D9-0517956293D0}.Debug|x86.Build.0 = Debug|Win32
		{13E1668B-A9A7-4F45-94D9-0517956293D0}.Release|x64.ActiveCfg = Release|x64
		{13E1668B-A9A7-4F45-94D9-0517956293D0}.Release|x64.Build.0 = Release|x64
		{13E1668B-A9A7-4F45-94D9-0517956293D0}.Release|x86.ActiveCfg = Release|Win32
		{13E1668B-A9A7-4F45-94D9-0517956293D0}.Release|x86.Build.0 = Release|Win32
		{A4D24DB5-6975-4839-A90F-2EC00CAFE1F7}.Debug|x64.ActiveCfg = Debug|x64
		{A4D24DB5-6975-4839-A90F-2EC00CAFE1F7}.Debug|x64.Build.0 = Debug|x64
		{A4D24DB5-6975-4839-A90F-2EC00CAFE1F7}.Debug|x86.ActiveCfg = Debug|Win32
		{A4D24DB5-6975-4839-A90F-2EC00CAFE1F7}.Debug|x86.Build.0 = Debug|Win32
		{A4D24DB5-6975-4839-A90F-2EC00CAFE1F7}.Release|x64.ActiveCfg = Release|x64
		{A4D24DB5-6975-4839-A90F-2EC00CAFE1F7}.Release|x64.Build.0 = Release|x64
		{A4D24DB5-6975-4839-A90F-2EC00CAFE1F7}.Release|x86.ActiveCfg = Release|Win32
		{A4D24DB5-6975-4839-A90F-2EC00CAFE1F7}.Release|x86.Build.0 = Release|Win32
	EndGlobalSection
	GlobalSection(SolutionProperties) = preSolution
		HideSolutionNode = FALSE
	EndGlobalSection
	GlobalSection(ExtensibilityGlobals) = postSolution
		SolutionGuid = {860EA02B-16F5-4379-8239-2ED4FA53E9F2}
	EndGlobalSection
EndGlobal
